// !$*UTF8*$!
{
	archiveVersion = 1;
	classes = {
	};
	objectVersion = 55;
	objects = {

/* Begin PBXBuildFile section */
		F079B4C92763AC3500D8321E /* ApplicationDelegate.swift in Sources */ = {isa = PBXBuildFile; fileRef = F079B4C82763AC3500D8321E /* ApplicationDelegate.swift */; };
		F079B4CB2763AC3500D8321E /* SceneDelegate.swift in Sources */ = {isa = PBXBuildFile; fileRef = F079B4CA2763AC3500D8321E /* SceneDelegate.swift */; };
		F079B4D22763AC3600D8321E /* Assets.xcassets in Resources */ = {isa = PBXBuildFile; fileRef = F079B4D12763AC3600D8321E /* Assets.xcassets */; };
		F079B4D52763AC3600D8321E /* LaunchScreen.storyboard in Resources */ = {isa = PBXBuildFile; fileRef = F079B4D32763AC3600D8321E /* LaunchScreen.storyboard */; };
		F079B4E22763ADCA00D8321E /* UnicornUI in Frameworks */ = {isa = PBXBuildFile; productRef = F079B4E12763ADCA00D8321E /* UnicornUI */; };
		F079B4E62763ADFD00D8321E /* ExploreViewController.swift in Sources */ = {isa = PBXBuildFile; fileRef = F079B4E52763ADFD00D8321E /* ExploreViewController.swift */; };
		F079B4E92763AE9400D8321E /* PageViewController.swift in Sources */ = {isa = PBXBuildFile; fileRef = F079B4E82763AE9400D8321E /* PageViewController.swift */; };
		F079B4EB2763AEF200D8321E /* HeaderViewController.swift in Sources */ = {isa = PBXBuildFile; fileRef = F079B4EA2763AEF200D8321E /* HeaderViewController.swift */; };
		F0C71E14276AC11300BBD7D8 /* TableViewController.swift in Sources */ = {isa = PBXBuildFile; fileRef = F0C71E13276AC11300BBD7D8 /* TableViewController.swift */; };
/* End PBXBuildFile section */

/* Begin PBXFileReference section */
		F079B4C52763AC3500D8321E /* HeaderPageViewController.app */ = {isa = PBXFileReference; explicitFileType = wrapper.application; includeInIndex = 0; path = HeaderPageViewController.app; sourceTree = BUILT_PRODUCTS_DIR; };
		F079B4C82763AC3500D8321E /* ApplicationDelegate.swift */ = {isa = PBXFileReference; lastKnownFileType = sourcecode.swift; path = ApplicationDelegate.swift; sourceTree = "<group>"; };
		F079B4CA2763AC3500D8321E /* SceneDelegate.swift */ = {isa = PBXFileReference; lastKnownFileType = sourcecode.swift; path = SceneDelegate.swift; sourceTree = "<group>"; };
		F079B4D12763AC3600D8321E /* Assets.xcassets */ = {isa = PBXFileReference; lastKnownFileType = folder.assetcatalog; path = Assets.xcassets; sourceTree = "<group>"; };
		F079B4D42763AC3600D8321E /* Base */ = {isa = PBXFileReference; lastKnownFileType = file.storyboard; name = Base; path = Base.lproj/LaunchScreen.storyboard; sourceTree = "<group>"; };
		F079B4D62763AC3600D8321E /* Info.plist */ = {isa = PBXFileReference; lastKnownFileType = text.plist.xml; path = Info.plist; sourceTree = "<group>"; };
		F079B4E52763ADFD00D8321E /* ExploreViewController.swift */ = {isa = PBXFileReference; lastKnownFileType = sourcecode.swift; path = ExploreViewController.swift; sourceTree = "<group>"; };
		F079B4E82763AE9400D8321E /* PageViewController.swift */ = {isa = PBXFileReference; lastKnownFileType = sourcecode.swift; path = PageViewController.swift; sourceTree = "<group>"; };
		F079B4EA2763AEF200D8321E /* HeaderViewController.swift */ = {isa = PBXFileReference; lastKnownFileType = sourcecode.swift; path = HeaderViewController.swift; sourceTree = "<group>"; };
		F0C71E13276AC11300BBD7D8 /* TableViewController.swift */ = {isa = PBXFileReference; lastKnownFileType = sourcecode.swift; path = TableViewController.swift; sourceTree = "<group>"; };
/* End PBXFileReference section */

/* Begin PBXFrameworksBuildPhase section */
		F079B4C22763AC3500D8321E /* Frameworks */ = {
			isa = PBXFrameworksBuildPhase;
			buildActionMask = 2147483647;
			files = (
				F079B4E22763ADCA00D8321E /* UnicornUI in Frameworks */,
			);
			runOnlyForDeploymentPostprocessing = 0;
		};
/* End PBXFrameworksBuildPhase section */

/* Begin PBXGroup section */
		F079B4BC2763AC3500D8321E = {
			isa = PBXGroup;
			children = (
				F079B4C72763AC3500D8321E /* HeaderPageViewController */,
				F079B4C62763AC3500D8321E /* Products */,
				F079B4E02763ADCA00D8321E /* Frameworks */,
			);
			sourceTree = "<group>";
		};
		F079B4C62763AC3500D8321E /* Products */ = {
			isa = PBXGroup;
			children = (
				F079B4C52763AC3500D8321E /* HeaderPageViewController.app */,
			);
			name = Products;
			sourceTree = "<group>";
		};
		F079B4C72763AC3500D8321E /* HeaderPageViewController */ = {
			isa = PBXGroup;
			children = (
				F079B4C82763AC3500D8321E /* ApplicationDelegate.swift */,
				F079B4CA2763AC3500D8321E /* SceneDelegate.swift */,
				F079B4EA2763AEF200D8321E /* HeaderViewController.swift */,
				F079B4E82763AE9400D8321E /* PageViewController.swift */,
				F079B4E52763ADFD00D8321E /* ExploreViewController.swift */,
				F0C71E13276AC11300BBD7D8 /* TableViewController.swift */,
				F079B4DD2763ACC100D8321E /* Resources */,
				F079B4DE2763ACCF00D8321E /* Supporting */,
			);
			path = HeaderPageViewController;
			sourceTree = "<group>";
		};
		F079B4DD2763ACC100D8321E /* Resources */ = {
			isa = PBXGroup;
			children = (
				F079B4D32763AC3600D8321E /* LaunchScreen.storyboard */,
				F079B4D12763AC3600D8321E /* Assets.xcassets */,
			);
			path = Resources;
			sourceTree = "<group>";
		};
		F079B4DE2763ACCF00D8321E /* Supporting */ = {
			isa = PBXGroup;
			children = (
				F079B4D62763AC3600D8321E /* Info.plist */,
			);
			path = Supporting;
			sourceTree = "<group>";
		};
		F079B4E02763ADCA00D8321E /* Frameworks */ = {
			isa = PBXGroup;
			children = (
			);
			name = Frameworks;
			sourceTree = "<group>";
		};
/* End PBXGroup section */

/* Begin PBXNativeTarget section */
		F079B4C42763AC3500D8321E /* HeaderPageViewController */ = {
			isa = PBXNativeTarget;
			buildConfigurationList = F079B4D92763AC3600D8321E /* Build configuration list for PBXNativeTarget "HeaderPageViewController" */;
			buildPhases = (
				F079B4C12763AC3500D8321E /* Sources */,
				F079B4C22763AC3500D8321E /* Frameworks */,
				F079B4C32763AC3500D8321E /* Resources */,
			);
			buildRules = (
			);
			dependencies = (
			);
			name = HeaderPageViewController;
			packageProductDependencies = (
				F079B4E12763ADCA00D8321E /* UnicornUI */,
			);
			productName = SampleUnicornUI;
			productReference = F079B4C52763AC3500D8321E /* HeaderPageViewController.app */;
			productType = "com.apple.product-type.application";
		};
/* End PBXNativeTarget section */

/* Begin PBXProject section */
		F079B4BD2763AC3500D8321E /* Project object */ = {
			isa = PBXProject;
			attributes = {
				BuildIndependentTargetsInParallel = 1;
				LastSwiftUpdateCheck = 1310;
				LastUpgradeCheck = 1310;
				TargetAttributes = {
					F079B4C42763AC3500D8321E = {
						CreatedOnToolsVersion = 13.1;
					};
				};
			};
			buildConfigurationList = F079B4C02763AC3500D8321E /* Build configuration list for PBXProject "HeaderPageViewController" */;
			compatibilityVersion = "Xcode 13.0";
			developmentRegion = en;
			hasScannedForEncodings = 0;
			knownRegions = (
				en,
				Base,
			);
			mainGroup = F079B4BC2763AC3500D8321E;
			productRefGroup = F079B4C62763AC3500D8321E /* Products */;
			projectDirPath = "";
			projectRoot = "";
			targets = (
				F079B4C42763AC3500D8321E /* HeaderPageViewController */,
			);
		};
/* End PBXProject section */

/* Begin PBXResourcesBuildPhase section */
		F079B4C32763AC3500D8321E /* Resources */ = {
			isa = PBXResourcesBuildPhase;
			buildActionMask = 2147483647;
			files = (
				F079B4D52763AC3600D8321E /* LaunchScreen.storyboard in Resources */,
				F079B4D22763AC3600D8321E /* Assets.xcassets in Resources */,
			);
			runOnlyForDeploymentPostprocessing = 0;
		};
/* End PBXResourcesBuildPhase section */

/* Begin PBXSourcesBuildPhase section */
		F079B4C12763AC3500D8321E /* Sources */ = {
			isa = PBXSourcesBuildPhase;
			buildActionMask = 2147483647;
			files = (
				F079B4C92763AC3500D8321E /* ApplicationDelegate.swift in Sources */,
				F0C71E14276AC11300BBD7D8 /* TableViewController.swift in Sources */,
				F079B4CB2763AC3500D8321E /* SceneDelegate.swift in Sources */,
				F079B4E92763AE9400D8321E /* PageViewController.swift in Sources */,
				F079B4E62763ADFD00D8321E /* ExploreViewController.swift in Sources */,
				F079B4EB2763AEF200D8321E /* HeaderViewController.swift in Sources */,
			);
			runOnlyForDeploymentPostprocessing = 0;
		};
/* End PBXSourcesBuildPhase section */

/* Begin PBXVariantGroup section */
		F079B4D32763AC3600D8321E /* LaunchScreen.storyboard */ = {
			isa = PBXVariantGroup;
			children = (
				F079B4D42763AC3600D8321E /* Base */,
			);
			name = LaunchScreen.storyboard;
			sourceTree = "<group>";
		};
/* End PBXVariantGroup section */

/* Begin XCBuildConfiguration section */
		F079B4D72763AC3600D8321E /* Debug */ = {
			isa = XCBuildConfiguration;
			buildSettings = {
				ALWAYS_SEARCH_USER_PATHS = NO;
				CLANG_ANALYZER_NONNULL = YES;
				CLANG_ANALYZER_NUMBER_OBJECT_CONVERSION = YES_AGGRESSIVE;
				CLANG_CXX_LANGUAGE_STANDARD = "gnu++17";
				CLANG_CXX_LIBRARY = "libc++";
				CLANG_ENABLE_MODULES = YES;
				CLANG_ENABLE_OBJC_ARC = YES;
				CLANG_ENABLE_OBJC_WEAK = YES;
				CLANG_WARN_BLOCK_CAPTURE_AUTORELEASING = YES;
				CLANG_WARN_BOOL_CONVERSION = YES;
				CLANG_WARN_COMMA = YES;
				CLANG_WARN_CONSTANT_CONVERSION = YES;
				CLANG_WARN_DEPRECATED_OBJC_IMPLEMENTATIONS = YES;
				CLANG_WARN_DIRECT_OBJC_ISA_USAGE = YES_ERROR;
				CLANG_WARN_DOCUMENTATION_COMMENTS = YES;
				CLANG_WARN_EMPTY_BODY = YES;
				CLANG_WARN_ENUM_CONVERSION = YES;
				CLANG_WARN_INFINITE_RECURSION = YES;
				CLANG_WARN_INT_CONVERSION = YES;
				CLANG_WARN_NON_LITERAL_NULL_CONVERSION = YES;
				CLANG_WARN_OBJC_IMPLICIT_RETAIN_SELF = YES;
				CLANG_WARN_OBJC_LITERAL_CONVERSION = YES;
				CLANG_WARN_OBJC_ROOT_CLASS = YES_ERROR;
				CLANG_WARN_QUOTED_INCLUDE_IN_FRAMEWORK_HEADER = YES;
				CLANG_WARN_RANGE_LOOP_ANALYSIS = YES;
				CLANG_WARN_STRICT_PROTOTYPES = YES;
				CLANG_WARN_SUSPICIOUS_MOVE = YES;
				CLANG_WARN_UNGUARDED_AVAILABILITY = YES_AGGRESSIVE;
				CLANG_WARN_UNREACHABLE_CODE = YES;
				CLANG_WARN__DUPLICATE_METHOD_MATCH = YES;
				COPY_PHASE_STRIP = NO;
				DEBUG_INFORMATION_FORMAT = dwarf;
				ENABLE_STRICT_OBJC_MSGSEND = YES;
				ENABLE_TESTABILITY = YES;
				GCC_C_LANGUAGE_STANDARD = gnu11;
				GCC_DYNAMIC_NO_PIC = NO;
				GCC_NO_COMMON_BLOCKS = YES;
				GCC_OPTIMIZATION_LEVEL = 0;
				GCC_PREPROCESSOR_DEFINITIONS = (
					"DEBUG=1",
					"$(inherited)",
				);
				GCC_WARN_64_TO_32_BIT_CONVERSION = YES;
				GCC_WARN_ABOUT_RETURN_TYPE = YES_ERROR;
				GCC_WARN_UNDECLARED_SELECTOR = YES;
				GCC_WARN_UNINITIALIZED_AUTOS = YES_AGGRESSIVE;
				GCC_WARN_UNUSED_FUNCTION = YES;
				GCC_WARN_UNUSED_VARIABLE = YES;
				IPHONEOS_DEPLOYMENT_TARGET = 15.0;
				MTL_ENABLE_DEBUG_INFO = INCLUDE_SOURCE;
				MTL_FAST_MATH = YES;
				ONLY_ACTIVE_ARCH = YES;
				SDKROOT = iphoneos;
				SWIFT_ACTIVE_COMPILATION_CONDITIONS = DEBUG;
				SWIFT_OPTIMIZATION_LEVEL = "-Onone";
			};
			name = Debug;
		};
		F079B4D82763AC3600D8321E /* Release */ = {
			isa = XCBuildConfiguration;
			buildSettings = {
				ALWAYS_SEARCH_USER_PATHS = NO;
				CLANG_ANALYZER_NONNULL = YES;
				CLANG_ANALYZER_NUMBER_OBJECT_CONVERSION = YES_AGGRESSIVE;
				CLANG_CXX_LANGUAGE_STANDARD = "gnu++17";
				CLANG_CXX_LIBRARY = "libc++";
				CLANG_ENABLE_MODULES = YES;
				CLANG_ENABLE_OBJC_ARC = YES;
				CLANG_ENABLE_OBJC_WEAK = YES;
				CLANG_WARN_BLOCK_CAPTURE_AUTORELEASING = YES;
				CLANG_WARN_BOOL_CONVERSION = YES;
				CLANG_WARN_COMMA = YES;
				CLANG_WARN_CONSTANT_CONVERSION = YES;
				CLANG_WARN_DEPRECATED_OBJC_IMPLEMENTATIONS = YES;
				CLANG_WARN_DIRECT_OBJC_ISA_USAGE = YES_ERROR;
				CLANG_WARN_DOCUMENTATION_COMMENTS = YES;
				CLANG_WARN_EMPTY_BODY = YES;
				CLANG_WARN_ENUM_CONVERSION = YES;
				CLANG_WARN_INFINITE_RECURSION = YES;
				CLANG_WARN_INT_CONVERSION = YES;
				CLANG_WARN_NON_LITERAL_NULL_CONVERSION = YES;
				CLANG_WARN_OBJC_IMPLICIT_RETAIN_SELF = YES;
				CLANG_WARN_OBJC_LITERAL_CONVERSION = YES;
				CLANG_WARN_OBJC_ROOT_CLASS = YES_ERROR;
				CLANG_WARN_QUOTED_INCLUDE_IN_FRAMEWORK_HEADER = YES;
				CLANG_WARN_RANGE_LOOP_ANALYSIS = YES;
				CLANG_WARN_STRICT_PROTOTYPES = YES;
				CLANG_WARN_SUSPICIOUS_MOVE = YES;
				CLANG_WARN_UNGUARDED_AVAILABILITY = YES_AGGRESSIVE;
				CLANG_WARN_UNREACHABLE_CODE = YES;
				CLANG_WARN__DUPLICATE_METHOD_MATCH = YES;
				COPY_PHASE_STRIP = NO;
				DEBUG_INFORMATION_FORMAT = "dwarf-with-dsym";
				ENABLE_NS_ASSERTIONS = NO;
				ENABLE_STRICT_OBJC_MSGSEND = YES;
				GCC_C_LANGUAGE_STANDARD = gnu11;
				GCC_NO_COMMON_BLOCKS = YES;
				GCC_WARN_64_TO_32_BIT_CONVERSION = YES;
				GCC_WARN_ABOUT_RETURN_TYPE = YES_ERROR;
				GCC_WARN_UNDECLARED_SELECTOR = YES;
				GCC_WARN_UNINITIALIZED_AUTOS = YES_AGGRESSIVE;
				GCC_WARN_UNUSED_FUNCTION = YES;
				GCC_WARN_UNUSED_VARIABLE = YES;
				IPHONEOS_DEPLOYMENT_TARGET = 15.0;
				MTL_ENABLE_DEBUG_INFO = NO;
				MTL_FAST_MATH = YES;
				SDKROOT = iphoneos;
				SWIFT_COMPILATION_MODE = wholemodule;
				SWIFT_OPTIMIZATION_LEVEL = "-O";
				VALIDATE_PRODUCT = YES;
			};
			name = Release;
		};
		F079B4DA2763AC3600D8321E /* Debug */ = {
			isa = XCBuildConfiguration;
			buildSettings = {
				ASSETCATALOG_COMPILER_APPICON_NAME = AppIcon;
				ASSETCATALOG_COMPILER_GLOBAL_ACCENT_COLOR_NAME = AccentColor;
				CODE_SIGN_STYLE = Automatic;
				CURRENT_PROJECT_VERSION = 1;
				DEVELOPMENT_TEAM = 76AEM4P5DW;
				GENERATE_INFOPLIST_FILE = YES;
				INFOPLIST_FILE = "$(TARGET_NAME)/Supporting/Info.plist";
				INFOPLIST_KEY_UIApplicationSupportsIndirectInputEvents = YES;
				INFOPLIST_KEY_UILaunchStoryboardName = LaunchScreen;
				INFOPLIST_KEY_UISupportedInterfaceOrientations_iPad = "UIInterfaceOrientationPortrait UIInterfaceOrientationPortraitUpsideDown UIInterfaceOrientationLandscapeLeft UIInterfaceOrientationLandscapeRight";
				INFOPLIST_KEY_UISupportedInterfaceOrientations_iPhone = "UIInterfaceOrientationPortrait UIInterfaceOrientationLandscapeLeft UIInterfaceOrientationLandscapeRight";
				IPHONEOS_DEPLOYMENT_TARGET = 13.0;
				LD_RUNPATH_SEARCH_PATHS = (
					"$(inherited)",
					"@executable_path/Frameworks",
				);
				MARKETING_VERSION = 1.0;
				PRODUCT_BUNDLE_IDENTIFIER = "unicorn-ui.sample.header-pag-view-controller";
				PRODUCT_NAME = "$(TARGET_NAME)";
				SWIFT_EMIT_LOC_STRINGS = YES;
				SWIFT_VERSION = 5.0;
				TARGETED_DEVICE_FAMILY = 1;
			};
			name = Debug;
		};
		F079B4DB2763AC3600D8321E /* Release */ = {
			isa = XCBuildConfiguration;
			buildSettings = {
				ASSETCATALOG_COMPILER_APPICON_NAME = AppIcon;
				ASSETCATALOG_COMPILER_GLOBAL_ACCENT_COLOR_NAME = AccentColor;
				CODE_SIGN_STYLE = Automatic;
				CURRENT_PROJECT_VERSION = 1;
				DEVELOPMENT_TEAM = 76AEM4P5DW;
				GENERATE_INFOPLIST_FILE = YES;
				INFOPLIST_FILE = "$(TARGET_NAME)/Supporting/Info.plist";
				INFOPLIST_KEY_UIApplicationSupportsIndirectInputEvents = YES;
				INFOPLIST_KEY_UILaunchStoryboardName = LaunchScreen;
				INFOPLIST_KEY_UISupportedInterfaceOrientations_iPad = "UIInterfaceOrientationPortrait UIInterfaceOrientationPortraitUpsideDown UIInterfaceOrientationLandscapeLeft UIInterfaceOrientationLandscapeRight";
				INFOPLIST_KEY_UISupportedInterfaceOrientations_iPhone = "UIInterfaceOrientationPortrait UIInterfaceOrientationLandscapeLeft UIInterfaceOrientationLandscapeRight";
				IPHONEOS_DEPLOYMENT_TARGET = 13.0;
				LD_RUNPATH_SEARCH_PATHS = (
					"$(inherited)",
					"@executable_path/Frameworks",
				);
				MARKETING_VERSION = 1.0;
				PRODUCT_BUNDLE_IDENTIFIER = "unicorn-ui.sample.header-pag-view-controller";
				PRODUCT_NAME = "$(TARGET_NAME)";
				SWIFT_EMIT_LOC_STRINGS = YES;
				SWIFT_VERSION = 5.0;
				TARGETED_DEVICE_FAMILY = 1;
			};
			name = Release;
		};
/* End XCBuildConfiguration section */

/* Begin XCConfigurationList section */
		F079B4C02763AC3500D8321E /* Build configuration list for PBXProject "HeaderPageViewController" */ = {
			isa = XCConfigurationList;
			buildConfigurations = (
				F079B4D72763AC3600D8321E /* Debug */,
				F079B4D82763AC3600D8321E /* Release */,
			);
			defaultConfigurationIsVisible = 0;
			defaultConfigurationName = Release;
		};
		F079B4D92763AC3600D8321E /* Build configuration list for PBXNativeTarget "HeaderPageViewController" */ = {
			isa = XCConfigurationList;
			buildConfigurations = (
				F079B4DA2763AC3600D8321E /* Debug */,
				F079B4DB2763AC3600D8321E /* Release */,
			);
			defaultConfigurationIsVisible = 0;
			defaultConfigurationName = Release;
		};
/* End XCConfigurationList section */

/* Begin XCSwiftPackageProductDependency section */
		F079B4E12763ADCA00D8321E /* UnicornUI */ = {
			isa = XCSwiftPackageProductDependency;
			productName = UnicornUI;
		};
/* End XCSwiftPackageProductDependency section */
	};
	rootObject = F079B4BD2763AC3500D8321E /* Project object */;
}
